
Microsoft Visual Studio Solution File, Format Version 12.00
# Visual Studio Version 16
VisualStudioVersion = 16.0.810.23
MinimumVisualStudioVersion = 10.0.40219.1
Project("{FAE04EC0-301F-11D3-BF4B-00C04F79EFBC}") = "DownloadImage", "DownloadImage\DownloadImage.csproj", "{4C719CD4-69CF-4AAC-8462-93D6417B8BAE}"
EndProject
Global
	GlobalSection(SolutionConfigurationPlatforms) = preSolution
		Debug|Any CPU = Debug|Any CPU
		Release|Any CPU = Release|Any CPU
	EndGlobalSection
	GlobalSection(ProjectConfigurationPlatforms) = postSolution
		{4C719CD4-69CF-4AAC-8462-93D6417B8BAE}.Debug|Any CPU.ActiveCfg = Debug|Any CPU
		{4C719CD4-69CF-4AAC-8462-93D6417B8BAE}.Debug|Any CPU.Build.0 = Debug|Any CPU
		{4C719CD4-69CF-4AAC-8462-93D6417B8BAE}.Release|Any CPU.ActiveCfg = Release|Any CPU
		{4C719CD4-69CF-4AAC-8462-93D6417B8BAE}.Release|Any CPU.Build.0 = Release|Any CPU
	EndGlobalSection
	GlobalSection(SolutionProperties) = preSolution
		HideSolutionNode = FALSE
	EndGlobalSection
	GlobalSection(ExtensibilityGlobals) = postSolution
		SolutionGuid = {F5E84949-7AD7-4BD8-A454-425CCAC18A07}
	EndGlobalSection
EndGlobal
